
Microsoft Visual Studio Solution File, Format Version 12.00
# Visual Studio Version 17
VisualStudioVersion = 17.7.34031.279
MinimumVisualStudioVersion = 10.0.40219.1
Project("{FAE04EC0-301F-11D3-BF4B-00C04F79EFBC}") = "AzureIcons", "AzureIcons.csproj", "{D8A6F96A-F293-41E0-B7F6-51FB0C6F5926}"
EndProject
Global
	GlobalSection(SolutionConfigurationPlatforms) = preSolution
		Debug|Any CPU = Debug|Any CPU
		Release|Any CPU = Release|Any CPU
	EndGlobalSection
	GlobalSection(ProjectConfigurationPlatforms) = postSolution
		{D8A6F96A-F293-41E0-B7F6-51FB0C6F5926}.Debug|Any CPU.ActiveCfg = Debug|Any CPU
		{D8A6F96A-F293-41E0-B7F6-51FB0C6F5926}.Debug|Any CPU.Build.0 = Debug|Any CPU
		{D8A6F96A-F293-41E0-B7F6-51FB0C6F5926}.Release|Any CPU.ActiveCfg = Release|Any CPU
		{D8A6F96A-F293-41E0-B7F6-51FB0C6F5926}.Release|Any CPU.Build.0 = Release|Any CPU
	EndGlobalSection
	GlobalSection(SolutionProperties) = preSolution
		HideSolutionNode = FALSE
	EndGlobalSection
	GlobalSection(ExtensibilityGlobals) = postSolution
		SolutionGuid = {82963E37-EFF4-40DA-A8FE-1B1F7F31A64C}
	EndGlobalSection
EndGlobal
